# This file is autogenerated, do not edit; changes may be undone by the next 'dep ensure'.


[[projects]]
  branch = "master"
  name = "github.com/Isolus/go-keybinder"
  packages = ["."]
  revision = "b57cb371c432d9a113716562c9a66c02d144ebe4"

[[projects]]
  branch = "master"
  name = "github.com/ProtonMail/go-autostart"
  packages = ["."]
  revision = "c5272053443a332e50aa4e949551f0fa219b2655"

[[projects]]
  branch = "master"
  name = "github.com/cloudfoundry-attic/jibber_jabber"
  packages = ["."]
  revision = "bcc4c8345a21301bf47c032ff42dd1aae2fe3027"

[[projects]]
  branch = "master"
  name = "github.com/diogox/LinuxApps"
  packages = ["."]
  revision = "240d9ca2d162212bdb94988928dc34c9c527c41b"

[[projects]]
  name = "github.com/fsnotify/fsnotify"
  packages = ["."]
  revision = "c2828203cd70a50dcccfb2761f8b1f8ceef9a8e9"
  version = "v1.4.7"

[[projects]]
  name = "github.com/gorilla/websocket"
  packages = ["."]
  revision = "66b9c49e59c6c48f0ffce28c2d8b8a5678502c6d"
  version = "v1.4.0"

[[projects]]
  branch = "master"
  name = "github.com/gotk3/gotk3"
  packages = ["cairo","gdk","glib","gtk","pango"]
  revision = "e54744c4aae74e51117fd539e6710dd68541fe3a"

[[projects]]
  name = "github.com/mattn/go-sqlite3"
  packages = ["."]
  revision = "c7c4067b79cc51e6dfdcef5c702e74b1e0fa7c75"
  version = "v1.10.0"

[[projects]]
  name = "github.com/mitchellh/go-homedir"
  packages = ["."]
  revision = "af06845cf3004701891bf4fdb884bfe4920b3727"
  version = "v1.1.0"

[[projects]]
  branch = "master"
  name = "github.com/relnod/calcgo"
  packages = [".","interpreter","interpreter/calculator","interpreter/optimizer","lexer","parser","token"]
  revision = "11998ec610efd11f6c6dc360e9268c8fda0c137e"

[[projects]]
  branch = "master"
  name = "github.com/skratchdot/open-golang"
  packages = ["open"]
  revision = "1a48294fa5dd09d08fc0ce8ff31fae553be6baa3"

[[projects]]
  branch = "master"
  name = "github.com/texttheater/golang-levenshtein"
  packages = ["levenshtein"]
  revision = "d188e65d659ef53fcdb0691c12f1bba64928b649"

[[projects]]
  branch = "master"
  name = "golang.org/x/sys"
  packages = ["unix"]
  revision = "baf5eb976a8cd65845293cd814ea151018552292"

[[projects]]
  name = "gopkg.in/ini.v1"
  packages = ["."]
  revision = "c85607071cf08ca1adaf48319cd1aa322e81d8c1"
  version = "v1.42.0"

[solve-meta]
  analyzer-name = "dep"
  analyzer-version = 1
  inputs-digest = "3a2478bfbdb425171966ed4003457f0bd23f69e9f41db025a8ed7700617f420f"
  solver-name = "gps-cdcl"
  solver-version = 1
